
Microsoft Visual Studio Solution File, Format Version 12.00
# Visual Studio Version 17
VisualStudioVersion = 17.2.32630.192
MinimumVisualStudioVersion = 10.0.40219.1
Project("{FAE04EC0-301F-11D3-BF4B-00C04F79EFBC}") = "BlazorEcommerce.Server", "BlazorEcommerce\Server\BlazorEcommerce.Server.csproj", "{7CE36459-19E7-4CBE-B25A-FDCFE8EF6A3A}"
EndProject
Project("{FAE04EC0-301F-11D3-BF4B-00C04F79EFBC}") = "BlazorEcommerce.Client", "BlazorEcommerce\Client\BlazorEcommerce.Client.csproj", "{AF321277-A861-47BA-A1B3-204582749A01}"
EndProject
Project("{FAE04EC0-301F-11D3-BF4B-00C04F79EFBC}") = "BlazorEcommerce.Shared", "BlazorEcommerce\Shared\BlazorEcommerce.Shared.csproj", "{8D42148C-6DC2-4929-B64E-02EB06B95F6C}"
EndProject
Global
	GlobalSection(SolutionConfigurationPlatforms) = preSolution
		Debug|Any CPU = Debug|Any CPU
		Release|Any CPU = Release|Any CPU
	EndGlobalSection
	GlobalSection(ProjectConfigurationPlatforms) = postSolution
		{7CE36459-19E7-4CBE-B25A-FDCFE8EF6A3A}.Debug|Any CPU.ActiveCfg = Debug|Any CPU
		{7CE36459-19E7-4CBE-B25A-FDCFE8EF6A3A}.Debug|Any CPU.Build.0 = Debug|Any CPU
		{7CE36459-19E7-4CBE-B25A-FDCFE8EF6A3A}.Release|Any CPU.ActiveCfg = Release|Any CPU
		{7CE36459-19E7-4CBE-B25A-FDCFE8EF6A3A}.Release|Any CPU.Build.0 = Release|Any CPU
		{AF321277-A861-47BA-A1B3-204582749A01}.Debug|Any CPU.ActiveCfg = Debug|Any CPU
		{AF321277-A861-47BA-A1B3-204582749A01}.Debug|Any CPU.Build.0 = Debug|Any CPU
		{AF321277-A861-47BA-A1B3-204582749A01}.Release|Any CPU.ActiveCfg = Release|Any CPU
		{AF321277-A861-47BA-A1B3-204582749A01}.Release|Any CPU.Build.0 = Release|Any CPU
		{8D42148C-6DC2-4929-B64E-02EB06B95F6C}.Debug|Any CPU.ActiveCfg = Debug|Any CPU
		{8D42148C-6DC2-4929-B64E-02EB06B95F6C}.Debug|Any CPU.Build.0 = Debug|Any CPU
		{8D42148C-6DC2-4929-B64E-02EB06B95F6C}.Release|Any CPU.ActiveCfg = Release|Any CPU
		{8D42148C-6DC2-4929-B64E-02EB06B95F6C}.Release|Any CPU.Build.0 = Release|Any CPU
	EndGlobalSection
	GlobalSection(SolutionProperties) = preSolution
		HideSolutionNode = FALSE
	EndGlobalSection
	GlobalSection(ExtensibilityGlobals) = postSolution
		SolutionGuid = {604C1B04-3B87-4A69-92C3-F2D8E15DAB3D}
	EndGlobalSection
EndGlobal
